
Microsoft Visual Studio Solution File, Format Version 12.00
# Visual Studio 15
VisualStudioVersion = 15.0.28010.2036
MinimumVisualStudioVersion = 10.0.40219.1
Project("{A07B5EB6-E848-4116-A8D0-A826331D98C6}") = "AmigoWallet", "AmigoWallet\AmigoWallet.sfproj", "{2F162138-C814-49AC-8861-9A83E9B67985}"
EndProject
Project("{9A19103F-16F7-4668-BE54-9A1E7A4F7556}") = "AmigoWallet.UserService", "AmigoWallet.UserService\AmigoWallet.UserService.csproj", "{3919B1BD-1D27-4F88-926B-E726DF9436B6}"
EndProject
Project("{FAE04EC0-301F-11D3-BF4B-00C04F79EFBC}") = "AmigoWallet.offerService", "AmigoWallet.offerService\AmigoWallet.offerService.csproj", "{B0F05297-F4B2-412E-A718-78A1AB8A774E}"
EndProject
Project("{FAE04EC0-301F-11D3-BF4B-00C04F79EFBC}") = "AmigoWallet.OfferService.Model", "AmigoWallet.OfferService.Model\AmigoWallet.OfferService.Model.csproj", "{24A6BA78-FCA8-4590-97A0-168110ECE97C}"
EndProject
Project("{FAE04EC0-301F-11D3-BF4B-00C04F79EFBC}") = "AmigoWallet.ProductService", "AmigoWallet.ProductService\AmigoWallet.ProductService.csproj", "{6123439D-69A9-4585-A927-9634CB12ED3F}"
EndProject
Project("{FAE04EC0-301F-11D3-BF4B-00C04F79EFBC}") = "AmigoWallet.ProductService.Model", "AmigoWallet.ProductService.Model\AmigoWallet.ProductService.Model.csproj", "{A60ED22A-01F7-4E20-8145-76197DC2F83D}"
EndProject
Global
	GlobalSection(SolutionConfigurationPlatforms) = preSolution
		Debug|Any CPU = Debug|Any CPU
		Debug|x64 = Debug|x64
		Release|Any CPU = Release|Any CPU
		Release|x64 = Release|x64
	EndGlobalSection
	GlobalSection(ProjectConfigurationPlatforms) = postSolution
		{2F162138-C814-49AC-8861-9A83E9B67985}.Debug|Any CPU.ActiveCfg = Debug|x64
		{2F162138-C814-49AC-8861-9A83E9B67985}.Debug|x64.ActiveCfg = Debug|x64
		{2F162138-C814-49AC-8861-9A83E9B67985}.Debug|x64.Build.0 = Debug|x64
		{2F162138-C814-49AC-8861-9A83E9B67985}.Debug|x64.Deploy.0 = Debug|x64
		{2F162138-C814-49AC-8861-9A83E9B67985}.Release|Any CPU.ActiveCfg = Release|x64
		{2F162138-C814-49AC-8861-9A83E9B67985}.Release|x64.ActiveCfg = Release|x64
		{2F162138-C814-49AC-8861-9A83E9B67985}.Release|x64.Build.0 = Release|x64
		{2F162138-C814-49AC-8861-9A83E9B67985}.Release|x64.Deploy.0 = Release|x64
		{3919B1BD-1D27-4F88-926B-E726DF9436B6}.Debug|Any CPU.ActiveCfg = Debug|Any CPU
		{3919B1BD-1D27-4F88-926B-E726DF9436B6}.Debug|Any CPU.Build.0 = Debug|Any CPU
		{3919B1BD-1D27-4F88-926B-E726DF9436B6}.Debug|x64.ActiveCfg = Debug|Any CPU
		{3919B1BD-1D27-4F88-926B-E726DF9436B6}.Debug|x64.Build.0 = Debug|Any CPU
		{3919B1BD-1D27-4F88-926B-E726DF9436B6}.Release|Any CPU.ActiveCfg = Release|Any CPU
		{3919B1BD-1D27-4F88-926B-E726DF9436B6}.Release|Any CPU.Build.0 = Release|Any CPU
		{3919B1BD-1D27-4F88-926B-E726DF9436B6}.Release|x64.ActiveCfg = Release|Any CPU
		{3919B1BD-1D27-4F88-926B-E726DF9436B6}.Release|x64.Build.0 = Release|Any CPU
		{B0F05297-F4B2-412E-A718-78A1AB8A774E}.Debug|Any CPU.ActiveCfg = Debug|x64
		{B0F05297-F4B2-412E-A718-78A1AB8A774E}.Debug|x64.ActiveCfg = Debug|x64
		{B0F05297-F4B2-412E-A718-78A1AB8A774E}.Debug|x64.Build.0 = Debug|x64
		{B0F05297-F4B2-412E-A718-78A1AB8A774E}.Release|Any CPU.ActiveCfg = Release|x64
		{B0F05297-F4B2-412E-A718-78A1AB8A774E}.Release|x64.ActiveCfg = Release|x64
		{B0F05297-F4B2-412E-A718-78A1AB8A774E}.Release|x64.Build.0 = Release|x64
		{24A6BA78-FCA8-4590-97A0-168110ECE97C}.Debug|Any CPU.ActiveCfg = Debug|Any CPU
		{24A6BA78-FCA8-4590-97A0-168110ECE97C}.Debug|Any CPU.Build.0 = Debug|Any CPU
		{24A6BA78-FCA8-4590-97A0-168110ECE97C}.Debug|x64.ActiveCfg = Debug|Any CPU
		{24A6BA78-FCA8-4590-97A0-168110ECE97C}.Debug|x64.Build.0 = Debug|Any CPU
		{24A6BA78-FCA8-4590-97A0-168110ECE97C}.Release|Any CPU.ActiveCfg = Release|Any CPU
		{24A6BA78-FCA8-4590-97A0-168110ECE97C}.Release|Any CPU.Build.0 = Release|Any CPU
		{24A6BA78-FCA8-4590-97A0-168110ECE97C}.Release|x64.ActiveCfg = Release|Any CPU
		{24A6BA78-FCA8-4590-97A0-168110ECE97C}.Release|x64.Build.0 = Release|Any CPU
		{6123439D-69A9-4585-A927-9634CB12ED3F}.Debug|Any CPU.ActiveCfg = Debug|x64
		{6123439D-69A9-4585-A927-9634CB12ED3F}.Debug|x64.ActiveCfg = Debug|x64
		{6123439D-69A9-4585-A927-9634CB12ED3F}.Debug|x64.Build.0 = Debug|x64
		{6123439D-69A9-4585-A927-9634CB12ED3F}.Release|Any CPU.ActiveCfg = Release|x64
		{6123439D-69A9-4585-A927-9634CB12ED3F}.Release|x64.ActiveCfg = Release|x64
		{6123439D-69A9-4585-A927-9634CB12ED3F}.Release|x64.Build.0 = Release|x64
		{A60ED22A-01F7-4E20-8145-76197DC2F83D}.Debug|Any CPU.ActiveCfg = Debug|Any CPU
		{A60ED22A-01F7-4E20-8145-76197DC2F83D}.Debug|Any CPU.Build.0 = Debug|Any CPU
		{A60ED22A-01F7-4E20-8145-76197DC2F83D}.Debug|x64.ActiveCfg = Debug|Any CPU
		{A60ED22A-01F7-4E20-8145-76197DC2F83D}.Debug|x64.Build.0 = Debug|Any CPU
		{A60ED22A-01F7-4E20-8145-76197DC2F83D}.Release|Any CPU.ActiveCfg = Release|Any CPU
		{A60ED22A-01F7-4E20-8145-76197DC2F83D}.Release|Any CPU.Build.0 = Release|Any CPU
		{A60ED22A-01F7-4E20-8145-76197DC2F83D}.Release|x64.ActiveCfg = Release|Any CPU
		{A60ED22A-01F7-4E20-8145-76197DC2F83D}.Release|x64.Build.0 = Release|Any CPU
	EndGlobalSection
	GlobalSection(SolutionProperties) = preSolution
		HideSolutionNode = FALSE
	EndGlobalSection
	GlobalSection(ExtensibilityGlobals) = postSolution
		SolutionGuid = {74CCCE23-6282-4798-BC63-4993E602F833}
	EndGlobalSection
EndGlobal
